
Microsoft Visual Studio Solution File, Format Version 12.00
# Visual Studio Version 17
VisualStudioVersion = 17.2.32516.85
MinimumVisualStudioVersion = 10.0.40219.1
Project("{FAE04EC0-301F-11D3-BF4B-00C04F79EFBC}") = "SelectionStatementExercise", "SelectionStatementExercise\SelectionStatementExercise.csproj", "{381E8530-BFA3-4BF0-912F-7770E02499C0}"
EndProject
Global
	GlobalSection(SolutionConfigurationPlatforms) = preSolution
		Debug|Any CPU = Debug|Any CPU
		Release|Any CPU = Release|Any CPU
	EndGlobalSection
	GlobalSection(ProjectConfigurationPlatforms) = postSolution
		{381E8530-BFA3-4BF0-912F-7770E02499C0}.Debug|Any CPU.ActiveCfg = Debug|Any CPU
		{381E8530-BFA3-4BF0-912F-7770E02499C0}.Debug|Any CPU.Build.0 = Debug|Any CPU
		{381E8530-BFA3-4BF0-912F-7770E02499C0}.Release|Any CPU.ActiveCfg = Release|Any CPU
		{381E8530-BFA3-4BF0-912F-7770E02499C0}.Release|Any CPU.Build.0 = Release|Any CPU
	EndGlobalSection
	GlobalSection(SolutionProperties) = preSolution
		HideSolutionNode = FALSE
	EndGlobalSection
	GlobalSection(ExtensibilityGlobals) = postSolution
		SolutionGuid = {8C28F39A-6913-4369-9DBE-504A2D6CF3EF}
	EndGlobalSection
EndGlobal
